# This file is automatically @generated by Cargo.
# It is not intended for manual editing.
version = 3

[[package]]
name = "icmp_rust"
version = "0.0.1"
dependencies = [
 "piston2d-shapes",
 "rutie",
]

[[package]]
name = "interpolation"
version = "0.2.0"
source = "registry+https://github.com/rust-lang/crates.io-index"
checksum = "d3b7357d2bbc5ee92f8e899ab645233e43d21407573cceb37fed8bc3dede2c02"

[[package]]
name = "lazy_static"
version = "1.4.0"
source = "registry+https://github.com/rust-lang/crates.io-index"
checksum = "e2abad23fbc42b3700f2f279844dc832adb2b2eb069b2df918f455c4e18cc646"

[[package]]
name = "libc"
version = "0.2.132"
source = "registry+https://github.com/rust-lang/crates.io-index"
checksum = "8371e4e5341c3a96db127eb2465ac681ced4c433e01dd0e938adbef26ba93ba5"

[[package]]
name = "piston-float"
version = "1.0.1"
source = "registry+https://github.com/rust-lang/crates.io-index"
checksum = "ad78bf43dcf80e8f950c92b84f938a0fc7590b7f6866fbcbeca781609c115590"

[[package]]
name = "piston-texture"
version = "0.8.0"
source = "registry+https://github.com/rust-lang/crates.io-index"
checksum = "62c93564eef40a9920d026697f63d224efd7ac80981fb418fe1dad447c2d9bdd"

[[package]]
name = "piston-viewport"
version = "1.0.2"
source = "registry+https://github.com/rust-lang/crates.io-index"
checksum = "61ecaf8ae0d71dd9cdbbd8662b47659621c09430ff3cb880d154858d3b8ac001"
dependencies = [
 "piston-float",
]

[[package]]
name = "piston2d-graphics"
version = "0.42.0"
source = "registry+https://github.com/rust-lang/crates.io-index"
checksum = "08852ecb6ef0486043d408d790d3abb38d4f6d6c4ee13adfc9e0dcbe9d95dd1d"
dependencies = [
 "interpolation",
 "piston-texture",
 "piston-viewport",
 "read_color",
 "vecmath",
]

[[package]]
name = "piston2d-shapes"
version = "0.36.0"
source = "registry+https://github.com/rust-lang/crates.io-index"
checksum = "c25bb71ecc55293cab31ec55b55af77e935460eccd2bd55991622d04970075ea"
dependencies = [
 "piston2d-graphics",
]

[[package]]
name = "read_color"
version = "1.0.0"
source = "registry+https://github.com/rust-lang/crates.io-index"
checksum = "9f4c8858baa4ad3c8bcc156ae91a0ffe22b76a3975c40c49b4f04c15c6bce0da"

[[package]]
name = "rutie"
version = "0.8.4"
source = "registry+https://github.com/rust-lang/crates.io-index"
checksum = "5d97db4cbb9739b48364c38cc9a6ebabdc07b42bd87b60ab448e1f29eaebb2ac"
dependencies = [
 "lazy_static",
 "libc",
]

[[package]]
name = "vecmath"
version = "1.0.0"
source = "registry+https://github.com/rust-lang/crates.io-index"
checksum = "956ae1e0d85bca567dee1dcf87fb1ca2e792792f66f87dced8381f99cd91156a"
dependencies = [
 "piston-float",
]
